<?xml version="1.0" encoding="utf-8"?>
<Project ToolsVersion="4.0" xmlns="http://schemas.microsoft.com/developer/msbuild/2003">
  <ItemGroup>
    <Filter Include="源文件">
      <UniqueIdentifier>{4FC737F1-C7A5-4376-A066-2A32D752A2FF}</UniqueIdentifier>
      <Extensions>cpp;c;cc;cxx;def;odl;idl;hpj;bat;asm;asmx</Extensions>
    </Filter>
    <Filter Include="头文件">
      <UniqueIdentifier>{93995380-89BD-4b04-88EB-625FBE52EBFB}</UniqueIdentifier>
      <Extensions>h;hpp;hxx;hm;inl;inc;xsd</Extensions>
    </Filter>
    <Filter Include="资源文件">
      <UniqueIdentifier>{67DA6AB6-F800-4c08-8B7A-83BB121AAD01}</UniqueIdentifier>
      <Extensions>rc;ico;cur;bmp;dlg;rc2;rct;bin;rgs;gif;jpg;jpeg;jpe;resx;tiff;tif;png;wav;mfcribbon-ms</Extensions>
    </Filter>
  </ItemGroup>
  <ItemGroup>
    <None Include="ReadMe.txt" />
    <None Include="res\output_wnd.ico">
      <Filter>资源文件</Filter>
    </None>
    <None Include="res\output_wnd_hc.ico">
      <Filter>资源文件</Filter>
    </None>
    <None Include="res\nav_large.bmp">
      <Filter>资源文件</Filter>
    </None>
    <None Include="res\nav_large_hc.bmp">
      <Filter>资源文件</Filter>
    </None>
    <None Include="res\pages.bmp">
      <Filter>资源文件</Filter>
    </None>
    <None Include="res\pages_hc.bmp">
      <Filter>资源文件</Filter>
    </None>
    <None Include="res\pages_small.bmp">
      <Filter>资源文件</Filter>
    </None>
    <None Include="res\pages_small_hc.bmp">
      <Filter>资源文件</Filter>
    </None>
    <None Include="res\buttons.bmp">
      <Filter>资源文件</Filter>
    </None>
    <None Include="res\filelarge.bmp">
      <Filter>资源文件</Filter>
    </None>
    <None Include="res\filesmall.bmp">
      <Filter>资源文件</Filter>
    </None>
    <None Include="res\main.bmp">
      <Filter>资源文件</Filter>
    </None>
    <None Include="res\writelarge.bmp">
      <Filter>资源文件</Filter>
    </None>
    <None Include="res\writesmall.bmp">
      <Filter>资源文件</Filter>
    </None>
    <None Include="res\ribbon.mfcribbon-ms">
      <Filter>资源文件</Filter>
    </None>
    <None Include="res\sswUAVFlyQuaSys.rc2">
      <Filter>资源文件</Filter>
    </None>
    <None Include="res\sswUAVFlyQuaSysDoc.ico">
      <Filter>资源文件</Filter>
    </None>
    <None Include="res\sswUAVFlyQuaSys.ico">
      <Filter>资源文件</Filter>
    </None>
    <None Include="res\Toolbar.bmp">
      <Filter>资源文件</Filter>
    </None>
    <None Include="res\Toolbar256.bmp">
      <Filter>资源文件</Filter>
    </None>
    <None Include="res\VE_SIZEB.CUR">
      <Filter>资源文件</Filter>
    </None>
    <None Include="res\VE_SPLIT.CUR">
      <Filter>资源文件</Filter>
    </None>
    <None Include="ssw_information.txt" />
    <None Include="res\bmp.bmp">
      <Filter>资源文件</Filter>
    </None>
    <None Include="res\setting.ico">
      <Filter>资源文件</Filter>
    </None>
    <None Include="res\bmp_large_button.bmp">
      <Filter>资源文件</Filter>
    </None>
    <None Include="res\bmp_small_button.bmp">
      <Filter>资源文件</Filter>
    </None>
    <None Include="information.txt" />
    <None Include="ClassDiagram1.cd" />
    <None Include="res\DlgBk.bmp">
      <Filter>资源文件</Filter>
    </None>
    <None Include="res\logo.bmp">
      <Filter>资源文件</Filter>
    </None>
    <None Include="res\MainFrame.bmp">
      <Filter>资源文件</Filter>
    </None>
  </ItemGroup>
  <ItemGroup>
    <ClInclude Include="sswUAVFlyQuaSys.h">
      <Filter>头文件</Filter>
    </ClInclude>
    <ClInclude Include="stdafx.h">
      <Filter>头文件</Filter>
    </ClInclude>
    <ClInclude Include="targetver.h">
      <Filter>头文件</Filter>
    </ClInclude>
    <ClInclude Include="MainFrm.h">
      <Filter>头文件</Filter>
    </ClInclude>
    <ClInclude Include="sswUAVFlyQuaSysDoc.h">
      <Filter>头文件</Filter>
    </ClInclude>
    <ClInclude Include="sswUAVFlyQuaSysView.h">
      <Filter>头文件</Filter>
    </ClInclude>
    <ClInclude Include="Resource.h">
      <Filter>头文件</Filter>
    </ClInclude>
    <ClInclude Include="OutputWnd.h">
      <Filter>头文件</Filter>
    </ClInclude>
    <ClInclude Include="SysConfigureDlg.h">
      <Filter>头文件</Filter>
    </ClInclude>
    <ClInclude Include="SysConfigureDataDlg.h">
      <Filter>头文件</Filter>
    </ClInclude>
    <ClInclude Include="SysConfigureParaDlg.h">
      <Filter>头文件</Filter>
    </ClInclude>
    <ClInclude Include="MyListCtrlEx.h">
      <Filter>头文件</Filter>
    </ClInclude>
    <ClInclude Include="MyHeaderCtrlEx.h">
      <Filter>头文件</Filter>
    </ClInclude>
    <ClInclude Include="PrjNewDlg.h">
      <Filter>头文件</Filter>
    </ClInclude>
    <ClInclude Include="MyMultiThread.h">
      <Filter>头文件</Filter>
    </ClInclude>
    <ClInclude Include="sswViewerRender.h">
      <Filter>头文件</Filter>
    </ClInclude>
    <ClInclude Include="GradientProgressCtrl.h">
      <Filter>头文件</Filter>
    </ClInclude>
    <ClInclude Include="CoorConv.hpp">
      <Filter>头文件</Filter>
    </ClInclude>
    <ClInclude Include="Matrix.h">
      <Filter>头文件</Filter>
    </ClInclude>
    <ClInclude Include="StripImgWnd.h">
      <Filter>头文件</Filter>
    </ClInclude>
    <ClInclude Include="MyTreeCtrlEx.h">
      <Filter>头文件</Filter>
    </ClInclude>
    <ClInclude Include="MyFunctions.h">
      <Filter>头文件</Filter>
    </ClInclude>
    <ClInclude Include="DataChartWnd.h">
      <Filter>头文件</Filter>
    </ClInclude>
    <ClInclude Include="ChartAxis.h">
      <Filter>头文件</Filter>
    </ClInclude>
    <ClInclude Include="ChartAxisLabel.h">
      <Filter>头文件</Filter>
    </ClInclude>
    <ClInclude Include="ChartBarSerie.h">
      <Filter>头文件</Filter>
    </ClInclude>
    <ClInclude Include="ChartCtrl.h">
      <Filter>头文件</Filter>
    </ClInclude>
    <ClInclude Include="ChartGradient.h">
      <Filter>头文件</Filter>
    </ClInclude>
    <ClInclude Include="ChartGrid.h">
      <Filter>头文件</Filter>
    </ClInclude>
    <ClInclude Include="ChartLegend.h">
      <Filter>头文件</Filter>
    </ClInclude>
    <ClInclude Include="ChartLineSerie.h">
      <Filter>头文件</Filter>
    </ClInclude>
    <ClInclude Include="ChartObject.h">
      <Filter>头文件</Filter>
    </ClInclude>
    <ClInclude Include="ChartPointsSerie.h">
      <Filter>头文件</Filter>
    </ClInclude>
    <ClInclude Include="ChartScrollBar.h">
      <Filter>头文件</Filter>
    </ClInclude>
    <ClInclude Include="ChartSerie.h">
      <Filter>头文件</Filter>
    </ClInclude>
    <ClInclude Include="ChartString.h">
      <Filter>头文件</Filter>
    </ClInclude>
    <ClInclude Include="ChartSurfaceSerie.h">
      <Filter>头文件</Filter>
    </ClInclude>
    <ClInclude Include="ChartTitle.h">
      <Filter>头文件</Filter>
    </ClInclude>
    <ClInclude Include="WebBrowser2.h">
      <Filter>头文件</Filter>
    </ClInclude>
    <ClInclude Include="PdfViewDlg.h">
      <Filter>头文件</Filter>
    </ClInclude>
    <ClInclude Include="WebBrowser.h">
      <Filter>头文件</Filter>
    </ClInclude>
    <ClInclude Include="MyCreateFlyQuaPrj4ParaFile.h">
      <Filter>头文件</Filter>
    </ClInclude>
    <ClInclude Include="ImgViewDlg.h">
      <Filter>头文件</Filter>
    </ClInclude>
    <ClInclude Include="SplashWnd.h">
      <Filter>头文件</Filter>
    </ClInclude>
    <ClInclude Include="ThumbWnd.h">
      <Filter>头文件</Filter>
    </ClInclude>
    <ClInclude Include="MyMFCRibbonBar.h">
      <Filter>头文件</Filter>
    </ClInclude>
    <ClInclude Include="MyMFCRibbonStatusBar.h">
      <Filter>头文件</Filter>
    </ClInclude>
    <ClInclude Include="MyMFCEditBrowseCtrl.h">
      <Filter>头文件</Filter>
    </ClInclude>
  </ItemGroup>
  <ItemGroup>
    <ClCompile Include="sswUAVFlyQuaSys.cpp">
      <Filter>源文件</Filter>
    </ClCompile>
    <ClCompile Include="stdafx.cpp">
      <Filter>源文件</Filter>
    </ClCompile>
    <ClCompile Include="MainFrm.cpp">
      <Filter>源文件</Filter>
    </ClCompile>
    <ClCompile Include="sswUAVFlyQuaSysDoc.cpp">
      <Filter>源文件</Filter>
    </ClCompile>
    <ClCompile Include="sswUAVFlyQuaSysView.cpp">
      <Filter>源文件</Filter>
    </ClCompile>
    <ClCompile Include="OutputWnd.cpp">
      <Filter>源文件</Filter>
    </ClCompile>
    <ClCompile Include="SysConfigureDlg.cpp">
      <Filter>源文件</Filter>
    </ClCompile>
    <ClCompile Include="SysConfigureDataDlg.cpp">
      <Filter>源文件</Filter>
    </ClCompile>
    <ClCompile Include="SysConfigureParaDlg.cpp">
      <Filter>源文件</Filter>
    </ClCompile>
    <ClCompile Include="MyHeaderCtrlEx.cpp">
      <Filter>源文件</Filter>
    </ClCompile>
    <ClCompile Include="MyListCtrlEx.cpp">
      <Filter>源文件</Filter>
    </ClCompile>
    <ClCompile Include="PrjNewDlg.cpp">
      <Filter>源文件</Filter>
    </ClCompile>
    <ClCompile Include="MyMultiThread.cpp">
      <Filter>源文件</Filter>
    </ClCompile>
    <ClCompile Include="sswViewerRender.cpp">
      <Filter>源文件</Filter>
    </ClCompile>
    <ClCompile Include="GradientProgressCtrl.cpp">
      <Filter>源文件</Filter>
    </ClCompile>
    <ClCompile Include="Matrix.cpp">
      <Filter>源文件</Filter>
    </ClCompile>
    <ClCompile Include="StripImgWnd.cpp">
      <Filter>源文件</Filter>
    </ClCompile>
    <ClCompile Include="MyTreeCtrlEx.cpp">
      <Filter>源文件</Filter>
    </ClCompile>
    <ClCompile Include="MyFunctions.cpp">
      <Filter>源文件</Filter>
    </ClCompile>
    <ClCompile Include="DataChartWnd.cpp">
      <Filter>源文件</Filter>
    </ClCompile>
    <ClCompile Include="ChartAxis.cpp">
      <Filter>源文件</Filter>
    </ClCompile>
    <ClCompile Include="ChartAxisLabel.cpp">
      <Filter>源文件</Filter>
    </ClCompile>
    <ClCompile Include="ChartBarSerie.cpp">
      <Filter>源文件</Filter>
    </ClCompile>
    <ClCompile Include="ChartCtrl.cpp">
      <Filter>源文件</Filter>
    </ClCompile>
    <ClCompile Include="ChartGradient.cpp">
      <Filter>源文件</Filter>
    </ClCompile>
    <ClCompile Include="ChartGrid.cpp">
      <Filter>源文件</Filter>
    </ClCompile>
    <ClCompile Include="ChartLegend.cpp">
      <Filter>源文件</Filter>
    </ClCompile>
    <ClCompile Include="ChartLineSerie.cpp">
      <Filter>源文件</Filter>
    </ClCompile>
    <ClCompile Include="ChartObject.cpp">
      <Filter>源文件</Filter>
    </ClCompile>
    <ClCompile Include="ChartPointsSerie.cpp">
      <Filter>源文件</Filter>
    </ClCompile>
    <ClCompile Include="ChartScrollBar.cpp">
      <Filter>源文件</Filter>
    </ClCompile>
    <ClCompile Include="ChartSerie.cpp">
      <Filter>源文件</Filter>
    </ClCompile>
    <ClCompile Include="ChartSurfaceSerie.cpp">
      <Filter>源文件</Filter>
    </ClCompile>
    <ClCompile Include="ChartTitle.cpp">
      <Filter>源文件</Filter>
    </ClCompile>
    <ClCompile Include="WebBrowser2.cpp">
      <Filter>源文件</Filter>
    </ClCompile>
    <ClCompile Include="PdfViewDlg.cpp">
      <Filter>源文件</Filter>
    </ClCompile>
    <ClCompile Include="WebBrowser.cpp">
      <Filter>源文件</Filter>
    </ClCompile>
    <ClCompile Include="MyCreateFlyQuaPrj4ParaFile.cpp">
      <Filter>源文件</Filter>
    </ClCompile>
    <ClCompile Include="ImgViewDlg.cpp">
      <Filter>源文件</Filter>
    </ClCompile>
    <ClCompile Include="SplashWnd.cpp">
      <Filter>源文件</Filter>
    </ClCompile>
    <ClCompile Include="ThumbWnd.cpp">
      <Filter>源文件</Filter>
    </ClCompile>
    <ClCompile Include="MyMFCRibbonBar.cpp">
      <Filter>源文件</Filter>
    </ClCompile>
    <ClCompile Include="MyMFCRibbonStatusBar.cpp">
      <Filter>源文件</Filter>
    </ClCompile>
    <ClCompile Include="MyMFCEditBrowseCtrl.cpp">
      <Filter>源文件</Filter>
    </ClCompile>
  </ItemGroup>
  <ItemGroup>
    <ResourceCompile Include="sswUAVFlyQuaSys.rc">
      <Filter>资源文件</Filter>
    </ResourceCompile>
  </ItemGroup>
</Project>